// !$*UTF8*$!
{
	archiveVersion = 1;
	classes = {
	};
	objectVersion = 50;
	objects = {

/* Begin PBXBuildFile section */
		BF7F078B22054AA400D860FD /* mazestack.cpp in Sources */ = {isa = PBXBuildFile; fileRef = BF7F078A22054AA400D860FD /* mazestack.cpp */; };
		BF7F078D22054AB500D860FD /* mazequeue.cpp in Sources */ = {isa = PBXBuildFile; fileRef = BF7F078C22054AB500D860FD /* mazequeue.cpp */; };
		BF7F078F22054ACD00D860FD /* eval.cpp in Sources */ = {isa = PBXBuildFile; fileRef = BF7F078E22054ACD00D860FD /* eval.cpp */; };
		BF7F0791220618DB00D860FD /* Set.cpp in Sources */ = {isa = PBXBuildFile; fileRef = BF7F0790220618DB00D860FD /* Set.cpp */; };
/* End PBXBuildFile section */

/* Begin PBXCopyFilesBuildPhase section */
		BFE0DCAF220130FB000C6933 /* CopyFiles */ = {
			isa = PBXCopyFilesBuildPhase;
			buildActionMask = 2147483647;
			dstPath = /usr/share/man/man1/;
			dstSubfolderSpec = 0;
			files = (
			);
			runOnlyForDeploymentPostprocessing = 1;
		};
/* End PBXCopyFilesBuildPhase section */

/* Begin PBXFileReference section */
		BF7F078A22054AA400D860FD /* mazestack.cpp */ = {isa = PBXFileReference; lastKnownFileType = sourcecode.cpp.cpp; path = mazestack.cpp; sourceTree = "<group>"; };
		BF7F078C22054AB500D860FD /* mazequeue.cpp */ = {isa = PBXFileReference; lastKnownFileType = sourcecode.cpp.cpp; path = mazequeue.cpp; sourceTree = "<group>"; };
		BF7F078E22054ACD00D860FD /* eval.cpp */ = {isa = PBXFileReference; lastKnownFileType = sourcecode.cpp.cpp; path = eval.cpp; sourceTree = "<group>"; };
		BF7F0790220618DB00D860FD /* Set.cpp */ = {isa = PBXFileReference; lastKnownFileType = sourcecode.cpp.cpp; path = Set.cpp; sourceTree = "<group>"; };
		BF7F0792220618E400D860FD /* Set.h */ = {isa = PBXFileReference; lastKnownFileType = sourcecode.c.h; path = Set.h; sourceTree = "<group>"; };
		BFE0DCB1220130FB000C6933 /* Homework 2 */ = {isa = PBXFileReference; explicitFileType = "compiled.mach-o.executable"; includeInIndex = 0; path = "Homework 2"; sourceTree = BUILT_PRODUCTS_DIR; };
/* End PBXFileReference section */

/* Begin PBXFrameworksBuildPhase section */
		BFE0DCAE220130FB000C6933 /* Frameworks */ = {
			isa = PBXFrameworksBuildPhase;
			buildActionMask = 2147483647;
			files = (
			);
			runOnlyForDeploymentPostprocessing = 0;
		};
/* End PBXFrameworksBuildPhase section */

/* Begin PBXGroup section */
		BFE0DCA8220130FB000C6933 = {
			isa = PBXGroup;
			children = (
				BFE0DCB3220130FB000C6933 /* Homework 2 */,
				BFE0DCB2220130FB000C6933 /* Products */,
			);
			sourceTree = "<group>";
		};
		BFE0DCB2220130FB000C6933 /* Products */ = {
			isa = PBXGroup;
			children = (
				BFE0DCB1220130FB000C6933 /* Homework 2 */,
			);
			name = Products;
			sourceTree = "<group>";
		};
		BFE0DCB3220130FB000C6933 /* Homework 2 */ = {
			isa = PBXGroup;
			children = (
				BF7F078A22054AA400D860FD /* mazestack.cpp */,
				BF7F078C22054AB500D860FD /* mazequeue.cpp */,
				BF7F078E22054ACD00D860FD /* eval.cpp */,
				BF7F0790220618DB00D860FD /* Set.cpp */,
				BF7F0792220618E400D860FD /* Set.h */,
			);
			path = "Homework 2";
			sourceTree = "<group>";
		};
/* End PBXGroup section */

/* Begin PBXNativeTarget section */
		BFE0DCB0220130FB000C6933 /* Homework 2 */ = {
			isa = PBXNativeTarget;
			buildConfigurationList = BFE0DCB8220130FB000C6933 /* Build configuration list for PBXNativeTarget "Homework 2" */;
			buildPhases = (
				BFE0DCAD220130FB000C6933 /* Sources */,
				BFE0DCAE220130FB000C6933 /* Frameworks */,
				BFE0DCAF220130FB000C6933 /* CopyFiles */,
			);
			buildRules = (
			);
			dependencies = (
			);
			name = "Homework 2";
			productName = "Homework 2";
			productReference = BFE0DCB1220130FB000C6933 /* Homework 2 */;
			productType = "com.apple.product-type.tool";
		};
/* End PBXNativeTarget section */

/* Begin PBXProject section */
		BFE0DCA9220130FB000C6933 /* Project object */ = {
			isa = PBXProject;
			attributes = {
				LastUpgradeCheck = 1010;
				ORGANIZATIONNAME = ioneone;
				TargetAttributes = {
					BFE0DCB0220130FB000C6933 = {
						CreatedOnToolsVersion = 10.1;
					};
				};
			};
			buildConfigurationList = BFE0DCAC220130FB000C6933 /* Build configuration list for PBXProject "Homework 2" */;
			compatibilityVersion = "Xcode 9.3";
			developmentRegion = en;
			hasScannedForEncodings = 0;
			knownRegions = (
				en,
			);
			mainGroup = BFE0DCA8220130FB000C6933;
			productRefGroup = BFE0DCB2220130FB000C6933 /* Products */;
			projectDirPath = "";
			projectRoot = "";
			targets = (
				BFE0DCB0220130FB000C6933 /* Homework 2 */,
			);
		};
/* End PBXProject section */

/* Begin PBXSourcesBuildPhase section */
		BFE0DCAD220130FB000C6933 /* Sources */ = {
			isa = PBXSourcesBuildPhase;
			buildActionMask = 2147483647;
			files = (
				BF7F0791220618DB00D860FD /* Set.cpp in Sources */,
				BF7F078D22054AB500D860FD /* mazequeue.cpp in Sources */,
				BF7F078F22054ACD00D860FD /* eval.cpp in Sources */,
				BF7F078B22054AA400D860FD /* mazestack.cpp in Sources */,
			);
			runOnlyForDeploymentPostprocessing = 0;
		};
/* End PBXSourcesBuildPhase section */

/* Begin XCBuildConfiguration section */
		BFE0DCB6220130FB000C6933 /* Debug */ = {
			isa = XCBuildConfiguration;
			buildSettings = {
				ALWAYS_SEARCH_USER_PATHS = NO;
				CLANG_ANALYZER_NONNULL = YES;
				CLANG_ANALYZER_NUMBER_OBJECT_CONVERSION = YES_AGGRESSIVE;
				CLANG_CXX_LANGUAGE_STANDARD = "gnu++14";
				CLANG_CXX_LIBRARY = "libc++";
				CLANG_ENABLE_MODULES = YES;
				CLANG_ENABLE_OBJC_ARC = YES;
				CLANG_ENABLE_OBJC_WEAK = YES;
				CLANG_WARN_BLOCK_CAPTURE_AUTORELEASING = YES;
				CLANG_WARN_BOOL_CONVERSION = YES;
				CLANG_WARN_COMMA = YES;
				CLANG_WARN_CONSTANT_CONVERSION = YES;
				CLANG_WARN_DEPRECATED_OBJC_IMPLEMENTATIONS = YES;
				CLANG_WARN_DIRECT_OBJC_ISA_USAGE = YES_ERROR;
				CLANG_WARN_DOCUMENTATION_COMMENTS = YES;
				CLANG_WARN_EMPTY_BODY = YES;
				CLANG_WARN_ENUM_CONVERSION = YES;
				CLANG_WARN_INFINITE_RECURSION = YES;
				CLANG_WARN_INT_CONVERSION = YES;
				CLANG_WARN_NON_LITERAL_NULL_CONVERSION = YES;
				CLANG_WARN_OBJC_IMPLICIT_RETAIN_SELF = YES;
				CLANG_WARN_OBJC_LITERAL_CONVERSION = YES;
				CLANG_WARN_OBJC_ROOT_CLASS = YES_ERROR;
				CLANG_WARN_RANGE_LOOP_ANALYSIS = YES;
				CLANG_WARN_STRICT_PROTOTYPES = YES;
				CLANG_WARN_SUSPICIOUS_MOVE = YES;
				CLANG_WARN_UNGUARDED_AVAILABILITY = YES_AGGRESSIVE;
				CLANG_WARN_UNREACHABLE_CODE = YES;
				CLANG_WARN__DUPLICATE_METHOD_MATCH = YES;
				CODE_SIGN_IDENTITY = "Mac Developer";
				COPY_PHASE_STRIP = NO;
				DEBUG_INFORMATION_FORMAT = dwarf;
				ENABLE_STRICT_OBJC_MSGSEND = YES;
				ENABLE_TESTABILITY = YES;
				GCC_C_LANGUAGE_STANDARD = gnu11;
				GCC_DYNAMIC_NO_PIC = NO;
				GCC_NO_COMMON_BLOCKS = YES;
				GCC_OPTIMIZATION_LEVEL = 0;
				GCC_PREPROCESSOR_DEFINITIONS = (
					"DEBUG=1",
					"$(inherited)",
				);
				GCC_WARN_64_TO_32_BIT_CONVERSION = YES;
				GCC_WARN_ABOUT_RETURN_TYPE = YES_ERROR;
				GCC_WARN_UNDECLARED_SELECTOR = YES;
				GCC_WARN_UNINITIALIZED_AUTOS = YES_AGGRESSIVE;
				GCC_WARN_UNUSED_FUNCTION = YES;
				GCC_WARN_UNUSED_VARIABLE = YES;
				MACOSX_DEPLOYMENT_TARGET = 10.14;
				MTL_ENABLE_DEBUG_INFO = INCLUDE_SOURCE;
				MTL_FAST_MATH = YES;
				ONLY_ACTIVE_ARCH = YES;
				SDKROOT = macosx;
			};
			name = Debug;
		};
		BFE0DCB7220130FB000C6933 /* Release */ = {
			isa = XCBuildConfiguration;
			buildSettings = {
				ALWAYS_SEARCH_USER_PATHS = NO;
				CLANG_ANALYZER_NONNULL = YES;
				CLANG_ANALYZER_NUMBER_OBJECT_CONVERSION = YES_AGGRESSIVE;
				CLANG_CXX_LANGUAGE_STANDARD = "gnu++14";
				CLANG_CXX_LIBRARY = "libc++";
				CLANG_ENABLE_MODULES = YES;
				CLANG_ENABLE_OBJC_ARC = YES;
				CLANG_ENABLE_OBJC_WEAK = YES;
				CLANG_WARN_BLOCK_CAPTURE_AUTORELEASING = YES;
				CLANG_WARN_BOOL_CONVERSION = YES;
				CLANG_WARN_COMMA = YES;
				CLANG_WARN_CONSTANT_CONVERSION = YES;
				CLANG_WARN_DEPRECATED_OBJC_IMPLEMENTATIONS = YES;
				CLANG_WARN_DIRECT_OBJC_ISA_USAGE = YES_ERROR;
				CLANG_WARN_DOCUMENTATION_COMMENTS = YES;
				CLANG_WARN_EMPTY_BODY = YES;
				CLANG_WARN_ENUM_CONVERSION = YES;
				CLANG_WARN_INFINITE_RECURSION = YES;
				CLANG_WARN_INT_CONVERSION = YES;
				CLANG_WARN_NON_LITERAL_NULL_CONVERSION = YES;
				CLANG_WARN_OBJC_IMPLICIT_RETAIN_SELF = YES;
				CLANG_WARN_OBJC_LITERAL_CONVERSION = YES;
				CLANG_WARN_OBJC_ROOT_CLASS = YES_ERROR;
				CLANG_WARN_RANGE_LOOP_ANALYSIS = YES;
				CLANG_WARN_STRICT_PROTOTYPES = YES;
				CLANG_WARN_SUSPICIOUS_MOVE = YES;
				CLANG_WARN_UNGUARDED_AVAILABILITY = YES_AGGRESSIVE;
				CLANG_WARN_UNREACHABLE_CODE = YES;
				CLANG_WARN__DUPLICATE_METHOD_MATCH = YES;
				CODE_SIGN_IDENTITY = "Mac Developer";
				COPY_PHASE_STRIP = NO;
				DEBUG_INFORMATION_FORMAT = "dwarf-with-dsym";
				ENABLE_NS_ASSERTIONS = NO;
				ENABLE_STRICT_OBJC_MSGSEND = YES;
				GCC_C_LANGUAGE_STANDARD = gnu11;
				GCC_NO_COMMON_BLOCKS = YES;
				GCC_WARN_64_TO_32_BIT_CONVERSION = YES;
				GCC_WARN_ABOUT_RETURN_TYPE = YES_ERROR;
				GCC_WARN_UNDECLARED_SELECTOR = YES;
				GCC_WARN_UNINITIALIZED_AUTOS = YES_AGGRESSIVE;
				GCC_WARN_UNUSED_FUNCTION = YES;
				GCC_WARN_UNUSED_VARIABLE = YES;
				MACOSX_DEPLOYMENT_TARGET = 10.14;
				MTL_ENABLE_DEBUG_INFO = NO;
				MTL_FAST_MATH = YES;
				SDKROOT = macosx;
			};
			name = Release;
		};
		BFE0DCB9220130FB000C6933 /* Debug */ = {
			isa = XCBuildConfiguration;
			buildSettings = {
				CODE_SIGN_STYLE = Automatic;
				DEVELOPMENT_TEAM = 96U956B4G2;
				PRODUCT_NAME = "$(TARGET_NAME)";
			};
			name = Debug;
		};
		BFE0DCBA220130FB000C6933 /* Release */ = {
			isa = XCBuildConfiguration;
			buildSettings = {
				CODE_SIGN_STYLE = Automatic;
				DEVELOPMENT_TEAM = 96U956B4G2;
				PRODUCT_NAME = "$(TARGET_NAME)";
			};
			name = Release;
		};
/* End XCBuildConfiguration section */

/* Begin XCConfigurationList section */
		BFE0DCAC220130FB000C6933 /* Build configuration list for PBXProject "Homework 2" */ = {
			isa = XCConfigurationList;
			buildConfigurations = (
				BFE0DCB6220130FB000C6933 /* Debug */,
				BFE0DCB7220130FB000C6933 /* Release */,
			);
			defaultConfigurationIsVisible = 0;
			defaultConfigurationName = Release;
		};
		BFE0DCB8220130FB000C6933 /* Build configuration list for PBXNativeTarget "Homework 2" */ = {
			isa = XCConfigurationList;
			buildConfigurations = (
				BFE0DCB9220130FB000C6933 /* Debug */,
				BFE0DCBA220130FB000C6933 /* Release */,
			);
			defaultConfigurationIsVisible = 0;
			defaultConfigurationName = Release;
		};
/* End XCConfigurationList section */
	};
	rootObject = BFE0DCA9220130FB000C6933 /* Project object */;
}
